
Microsoft Visual Studio Solution File, Format Version 12.00
# Visual Studio Version 17
VisualStudioVersion = 17.6.33723.286
MinimumVisualStudioVersion = 10.0.40219.1
Project("{FAE04EC0-301F-11D3-BF4B-00C04F79EFBC}") = "atividade1", "atividade1\atividade1.csproj", "{E828297D-1ADB-44A9-9F7D-59536A2D8771}"
EndProject
Global
	GlobalSection(SolutionConfigurationPlatforms) = preSolution
		Debug|Any CPU = Debug|Any CPU
		Release|Any CPU = Release|Any CPU
	EndGlobalSection
	GlobalSection(ProjectConfigurationPlatforms) = postSolution
		{E828297D-1ADB-44A9-9F7D-59536A2D8771}.Debug|Any CPU.ActiveCfg = Debug|Any CPU
		{E828297D-1ADB-44A9-9F7D-59536A2D8771}.Debug|Any CPU.Build.0 = Debug|Any CPU
		{E828297D-1ADB-44A9-9F7D-59536A2D8771}.Release|Any CPU.ActiveCfg = Release|Any CPU
		{E828297D-1ADB-44A9-9F7D-59536A2D8771}.Release|Any CPU.Build.0 = Release|Any CPU
	EndGlobalSection
	GlobalSection(SolutionProperties) = preSolution
		HideSolutionNode = FALSE
	EndGlobalSection
	GlobalSection(ExtensibilityGlobals) = postSolution
		SolutionGuid = {E4E1D725-4E3E-4DC3-9F34-E99C85D4AC1B}
	EndGlobalSection
EndGlobal
